
Microsoft Visual Studio Solution File, Format Version 12.00
# Visual Studio Version 16
VisualStudioVersion = 16.0.30907.101
MinimumVisualStudioVersion = 10.0.40219.1
Project("{FAE04EC0-301F-11D3-BF4B-00C04F79EFBC}") = "MobileStore_CodeFirst", "MobileStore_CodeFirst\MobileStore_CodeFirst.csproj", "{86B30954-8D97-4048-B6CC-6F37830D781A}"
EndProject
Global
	GlobalSection(SolutionConfigurationPlatforms) = preSolution
		Debug|Any CPU = Debug|Any CPU
		Release|Any CPU = Release|Any CPU
	EndGlobalSection
	GlobalSection(ProjectConfigurationPlatforms) = postSolution
		{86B30954-8D97-4048-B6CC-6F37830D781A}.Debug|Any CPU.ActiveCfg = Debug|Any CPU
		{86B30954-8D97-4048-B6CC-6F37830D781A}.Debug|Any CPU.Build.0 = Debug|Any CPU
		{86B30954-8D97-4048-B6CC-6F37830D781A}.Release|Any CPU.ActiveCfg = Release|Any CPU
		{86B30954-8D97-4048-B6CC-6F37830D781A}.Release|Any CPU.Build.0 = Release|Any CPU
	EndGlobalSection
	GlobalSection(SolutionProperties) = preSolution
		HideSolutionNode = FALSE
	EndGlobalSection
	GlobalSection(ExtensibilityGlobals) = postSolution
		SolutionGuid = {4D3689C5-60EC-4D07-997D-1C1535E7F2CB}
	EndGlobalSection
EndGlobal
